
Microsoft Visual Studio Solution File, Format Version 12.00
# Visual Studio Version 17
VisualStudioVersion = 17.11.35327.3
MinimumVisualStudioVersion = 10.0.40219.1
Project("{FAE04EC0-301F-11D3-BF4B-00C04F79EFBC}") = "Project1_2", "Project1_2\Project1_2.csproj", "{94F69194-3776-424D-A7D8-2A55CA1F6532}"
EndProject
Global
	GlobalSection(SolutionConfigurationPlatforms) = preSolution
		Debug|Any CPU = Debug|Any CPU
		Release|Any CPU = Release|Any CPU
	EndGlobalSection
	GlobalSection(ProjectConfigurationPlatforms) = postSolution
		{94F69194-3776-424D-A7D8-2A55CA1F6532}.Debug|Any CPU.ActiveCfg = Debug|Any CPU
		{94F69194-3776-424D-A7D8-2A55CA1F6532}.Debug|Any CPU.Build.0 = Debug|Any CPU
		{94F69194-3776-424D-A7D8-2A55CA1F6532}.Release|Any CPU.ActiveCfg = Release|Any CPU
		{94F69194-3776-424D-A7D8-2A55CA1F6532}.Release|Any CPU.Build.0 = Release|Any CPU
	EndGlobalSection
	GlobalSection(SolutionProperties) = preSolution
		HideSolutionNode = FALSE
	EndGlobalSection
	GlobalSection(ExtensibilityGlobals) = postSolution
		SolutionGuid = {81ACF32C-7510-4CA1-8E4F-407DF5DED78C}
	EndGlobalSection
EndGlobal
